
Microsoft Visual Studio Solution File, Format Version 12.00
# Visual Studio 15
VisualStudioVersion = 15.0.28010.2050
MinimumVisualStudioVersion = 10.0.40219.1
Project("{FAE04EC0-301F-11D3-BF4B-00C04F79EFBC}") = "GRUD_makeS", "GRUD_makeS\GRUD_makeS.csproj", "{C12CA773-4B53-4600-803C-B0EDB9EC8717}"
EndProject
Global
	GlobalSection(SolutionConfigurationPlatforms) = preSolution
		Debug|Any CPU = Debug|Any CPU
		Release|Any CPU = Release|Any CPU
	EndGlobalSection
	GlobalSection(ProjectConfigurationPlatforms) = postSolution
		{C12CA773-4B53-4600-803C-B0EDB9EC8717}.Debug|Any CPU.ActiveCfg = Debug|Any CPU
		{C12CA773-4B53-4600-803C-B0EDB9EC8717}.Debug|Any CPU.Build.0 = Debug|Any CPU
		{C12CA773-4B53-4600-803C-B0EDB9EC8717}.Release|Any CPU.ActiveCfg = Release|Any CPU
		{C12CA773-4B53-4600-803C-B0EDB9EC8717}.Release|Any CPU.Build.0 = Release|Any CPU
	EndGlobalSection
	GlobalSection(SolutionProperties) = preSolution
		HideSolutionNode = FALSE
	EndGlobalSection
	GlobalSection(ExtensibilityGlobals) = postSolution
		SolutionGuid = {E8B2FF38-F55A-463C-9307-9FBBE4F07AAE}
	EndGlobalSection
EndGlobal
